
Microsoft Visual Studio Solution File, Format Version 12.00
# Visual Studio Version 17
VisualStudioVersion = 17.5.2.0
MinimumVisualStudioVersion = 10.0.40219.1
Project("{FAE04EC0-301F-11D3-BF4B-00C04F79EFBC}") = "SyllabusApp", "SyllabusApp.csproj", "{59A52DE5-CF25-D5BF-0086-F16C39806672}"
EndProject
Project("{FAE04EC0-301F-11D3-BF4B-00C04F79EFBC}") = "SyllabusApp.Tests", "SyllabusApp.Tests\SyllabusApp.Tests.csproj", "{8A323006-F88C-4EAB-B34A-35C0945628D6}"
EndProject
Global
	GlobalSection(SolutionConfigurationPlatforms) = preSolution
		Debug|Any CPU = Debug|Any CPU
		Debug|x64 = Debug|x64
		Debug|x86 = Debug|x86
		Release|Any CPU = Release|Any CPU
		Release|x64 = Release|x64
		Release|x86 = Release|x86
	EndGlobalSection
	GlobalSection(ProjectConfigurationPlatforms) = postSolution
		{59A52DE5-CF25-D5BF-0086-F16C39806672}.Debug|Any CPU.ActiveCfg = Debug|Any CPU
		{59A52DE5-CF25-D5BF-0086-F16C39806672}.Debug|Any CPU.Build.0 = Debug|Any CPU
		{59A52DE5-CF25-D5BF-0086-F16C39806672}.Debug|x64.ActiveCfg = Debug|Any CPU
		{59A52DE5-CF25-D5BF-0086-F16C39806672}.Debug|x64.Build.0 = Debug|Any CPU
		{59A52DE5-CF25-D5BF-0086-F16C39806672}.Debug|x86.ActiveCfg = Debug|Any CPU
		{59A52DE5-CF25-D5BF-0086-F16C39806672}.Debug|x86.Build.0 = Debug|Any CPU
		{59A52DE5-CF25-D5BF-0086-F16C39806672}.Release|Any CPU.ActiveCfg = Release|Any CPU
		{59A52DE5-CF25-D5BF-0086-F16C39806672}.Release|Any CPU.Build.0 = Release|Any CPU
		{59A52DE5-CF25-D5BF-0086-F16C39806672}.Release|x64.ActiveCfg = Release|Any CPU
		{59A52DE5-CF25-D5BF-0086-F16C39806672}.Release|x64.Build.0 = Release|Any CPU
		{59A52DE5-CF25-D5BF-0086-F16C39806672}.Release|x86.ActiveCfg = Release|Any CPU
		{59A52DE5-CF25-D5BF-0086-F16C39806672}.Release|x86.Build.0 = Release|Any CPU
		{8A323006-F88C-4EAB-B34A-35C0945628D6}.Debug|Any CPU.ActiveCfg = Debug|Any CPU
		{8A323006-F88C-4EAB-B34A-35C0945628D6}.Debug|Any CPU.Build.0 = Debug|Any CPU
		{8A323006-F88C-4EAB-B34A-35C0945628D6}.Debug|x64.ActiveCfg = Debug|Any CPU
		{8A323006-F88C-4EAB-B34A-35C0945628D6}.Debug|x64.Build.0 = Debug|Any CPU
		{8A323006-F88C-4EAB-B34A-35C0945628D6}.Debug|x86.ActiveCfg = Debug|Any CPU
		{8A323006-F88C-4EAB-B34A-35C0945628D6}.Debug|x86.Build.0 = Debug|Any CPU
		{8A323006-F88C-4EAB-B34A-35C0945628D6}.Release|Any CPU.ActiveCfg = Release|Any CPU
		{8A323006-F88C-4EAB-B34A-35C0945628D6}.Release|Any CPU.Build.0 = Release|Any CPU
		{8A323006-F88C-4EAB-B34A-35C0945628D6}.Release|x64.ActiveCfg = Release|Any CPU
		{8A323006-F88C-4EAB-B34A-35C0945628D6}.Release|x64.Build.0 = Release|Any CPU
		{8A323006-F88C-4EAB-B34A-35C0945628D6}.Release|x86.ActiveCfg = Release|Any CPU
		{8A323006-F88C-4EAB-B34A-35C0945628D6}.Release|x86.Build.0 = Release|Any CPU
	EndGlobalSection
	GlobalSection(SolutionProperties) = preSolution
		HideSolutionNode = FALSE
	EndGlobalSection
	GlobalSection(ExtensibilityGlobals) = postSolution
		SolutionGuid = {8999B159-8554-45AC-965A-0F881B565627}
	EndGlobalSection
EndGlobal
